
Microsoft Visual Studio Solution File, Format Version 12.00
# Visual Studio Version 17
VisualStudioVersion = 17.1.32210.238
MinimumVisualStudioVersion = 10.0.40219.1
Project("{F184B08F-C81C-45F6-A57F-5ABD9991F28F}") = "hardtest1", "hardtest1\hardtest1.vbproj", "{15862B49-86F1-4302-B1CE-0ECDA4B29D10}"
EndProject
Global
	GlobalSection(SolutionConfigurationPlatforms) = preSolution
		Debug|Any CPU = Debug|Any CPU
		Release|Any CPU = Release|Any CPU
	EndGlobalSection
	GlobalSection(ProjectConfigurationPlatforms) = postSolution
		{15862B49-86F1-4302-B1CE-0ECDA4B29D10}.Debug|Any CPU.ActiveCfg = Debug|Any CPU
		{15862B49-86F1-4302-B1CE-0ECDA4B29D10}.Debug|Any CPU.Build.0 = Debug|Any CPU
		{15862B49-86F1-4302-B1CE-0ECDA4B29D10}.Release|Any CPU.ActiveCfg = Release|Any CPU
		{15862B49-86F1-4302-B1CE-0ECDA4B29D10}.Release|Any CPU.Build.0 = Release|Any CPU
	EndGlobalSection
	GlobalSection(SolutionProperties) = preSolution
		HideSolutionNode = FALSE
	EndGlobalSection
	GlobalSection(ExtensibilityGlobals) = postSolution
		SolutionGuid = {44743859-DA2F-4F02-AB35-D5218BDE6296}
	EndGlobalSection
EndGlobal
